
Microsoft Visual Studio Solution File, Format Version 12.00
# Visual Studio Version 17
VisualStudioVersion = 17.6.33723.286
MinimumVisualStudioVersion = 10.0.40219.1
Project("{54A90642-561A-4BB1-A94E-469ADEE60C69}") = "angularapp", "angularapp\angularapp.esproj", "{95460196-81C7-4CE6-9165-AF195C96B404}"
EndProject
Project("{9A19103F-16F7-4668-BE54-9A1E7A4F7556}") = "webapi", "webapi\webapi.csproj", "{B87C31AE-8FD1-416A-A146-4CA4B56EDE9D}"
EndProject
Global
	GlobalSection(SolutionConfigurationPlatforms) = preSolution
		Debug|Any CPU = Debug|Any CPU
		Release|Any CPU = Release|Any CPU
	EndGlobalSection
	GlobalSection(ProjectConfigurationPlatforms) = postSolution
		{95460196-81C7-4CE6-9165-AF195C96B404}.Debug|Any CPU.ActiveCfg = Debug|Any CPU
		{95460196-81C7-4CE6-9165-AF195C96B404}.Debug|Any CPU.Build.0 = Debug|Any CPU
		{95460196-81C7-4CE6-9165-AF195C96B404}.Debug|Any CPU.Deploy.0 = Debug|Any CPU
		{95460196-81C7-4CE6-9165-AF195C96B404}.Release|Any CPU.ActiveCfg = Release|Any CPU
		{95460196-81C7-4CE6-9165-AF195C96B404}.Release|Any CPU.Build.0 = Release|Any CPU
		{95460196-81C7-4CE6-9165-AF195C96B404}.Release|Any CPU.Deploy.0 = Release|Any CPU
		{B87C31AE-8FD1-416A-A146-4CA4B56EDE9D}.Debug|Any CPU.ActiveCfg = Debug|Any CPU
		{B87C31AE-8FD1-416A-A146-4CA4B56EDE9D}.Debug|Any CPU.Build.0 = Debug|Any CPU
		{B87C31AE-8FD1-416A-A146-4CA4B56EDE9D}.Release|Any CPU.ActiveCfg = Release|Any CPU
		{B87C31AE-8FD1-416A-A146-4CA4B56EDE9D}.Release|Any CPU.Build.0 = Release|Any CPU
	EndGlobalSection
	GlobalSection(SolutionProperties) = preSolution
		HideSolutionNode = FALSE
	EndGlobalSection
	GlobalSection(ExtensibilityGlobals) = postSolution
		SolutionGuid = {502CF0C4-779A-40AF-A04B-AEC064B4F4A0}
	EndGlobalSection
EndGlobal
